
Microsoft Visual Studio Solution File, Format Version 12.00
Project("{FAE04EC0-301F-11D3-BF4B-00C04F79EFBC}") = "Distances", "Distances\Distances.csproj", "{BC7D2422-3C63-42DD-B8B5-85D3952EE47F}"
EndProject
Project("{FAE04EC0-301F-11D3-BF4B-00C04F79EFBC}") = "Distances.Services", "Distances.Services\Distances.Services.csproj", "{5EED63DF-86B8-4209-A4C1-2C0AFCD195A8}"
EndProject
Project("{FAE04EC0-301F-11D3-BF4B-00C04F79EFBC}") = "Distances.Infrastructure", "Distances.Infrastructure\Distances.Infrastructure.csproj", "{057BFBD8-DB26-4382-A0BE-A58727386260}"
EndProject
Project("{FAE04EC0-301F-11D3-BF4B-00C04F79EFBC}") = "Distances.Tests", "Distances.Tests\Distances.Tests.csproj", "{A848D027-FC83-4D9D-A3D4-12C0CA9175BC}"
EndProject
Global
	GlobalSection(SolutionConfigurationPlatforms) = preSolution
		Debug|Any CPU = Debug|Any CPU
		Release|Any CPU = Release|Any CPU
	EndGlobalSection
	GlobalSection(ProjectConfigurationPlatforms) = postSolution
		{BC7D2422-3C63-42DD-B8B5-85D3952EE47F}.Debug|Any CPU.ActiveCfg = Debug|Any CPU
		{BC7D2422-3C63-42DD-B8B5-85D3952EE47F}.Debug|Any CPU.Build.0 = Debug|Any CPU
		{BC7D2422-3C63-42DD-B8B5-85D3952EE47F}.Release|Any CPU.ActiveCfg = Release|Any CPU
		{BC7D2422-3C63-42DD-B8B5-85D3952EE47F}.Release|Any CPU.Build.0 = Release|Any CPU
		{5EED63DF-86B8-4209-A4C1-2C0AFCD195A8}.Debug|Any CPU.ActiveCfg = Debug|Any CPU
		{5EED63DF-86B8-4209-A4C1-2C0AFCD195A8}.Debug|Any CPU.Build.0 = Debug|Any CPU
		{5EED63DF-86B8-4209-A4C1-2C0AFCD195A8}.Release|Any CPU.ActiveCfg = Release|Any CPU
		{5EED63DF-86B8-4209-A4C1-2C0AFCD195A8}.Release|Any CPU.Build.0 = Release|Any CPU
		{057BFBD8-DB26-4382-A0BE-A58727386260}.Debug|Any CPU.ActiveCfg = Debug|Any CPU
		{057BFBD8-DB26-4382-A0BE-A58727386260}.Debug|Any CPU.Build.0 = Debug|Any CPU
		{057BFBD8-DB26-4382-A0BE-A58727386260}.Release|Any CPU.ActiveCfg = Release|Any CPU
		{057BFBD8-DB26-4382-A0BE-A58727386260}.Release|Any CPU.Build.0 = Release|Any CPU
		{A848D027-FC83-4D9D-A3D4-12C0CA9175BC}.Debug|Any CPU.ActiveCfg = Debug|Any CPU
		{A848D027-FC83-4D9D-A3D4-12C0CA9175BC}.Debug|Any CPU.Build.0 = Debug|Any CPU
		{A848D027-FC83-4D9D-A3D4-12C0CA9175BC}.Release|Any CPU.ActiveCfg = Release|Any CPU
		{A848D027-FC83-4D9D-A3D4-12C0CA9175BC}.Release|Any CPU.Build.0 = Release|Any CPU
	EndGlobalSection
EndGlobal
